#MicroXplorer Configuration settings - do not modify
ADC1.Channel-1\#ChannelRegularConversion=ADC_CHANNEL_10
ADC1.Channel-11\#ChannelRegularConversion=ADC_CHANNEL_14
ADC1.ClockPrescaler=ADC_CLOCK_SYNC_PCLK_DIV4
ADC1.ContinuousConvMode=DISABLE
ADC1.DiscontinuousConvMode=ENABLE
ADC1.IPParameters=Rank-1\#ChannelRegularConversion,master,Channel-1\#ChannelRegularConversion,SamplingTime-1\#ChannelRegularConversion,NbrOfConversionFlag,ClockPrescaler,NbrOfConversion,InjNumberOfConversion,ContinuousConvMode,Rank-11\#ChannelRegularConversion,Channel-11\#ChannelRegularConversion,SamplingTime-11\#ChannelRegularConversion,DiscontinuousConvMode
ADC1.InjNumberOfConversion=0
ADC1.NbrOfConversion=2
ADC1.NbrOfConversionFlag=1
ADC1.Rank-1\#ChannelRegularConversion=1
ADC1.Rank-11\#ChannelRegularConversion=2
ADC1.SamplingTime-1\#ChannelRegularConversion=ADC_SAMPLETIME_56CYCLES
ADC1.SamplingTime-11\#ChannelRegularConversion=ADC_SAMPLETIME_56CYCLES
ADC1.master=1
CAN1.BS1=CAN_BS1_3TQ
CAN1.BS2=CAN_BS2_1TQ
CAN1.CalculateBaudRate=1000000
CAN1.CalculateTimeBit=1000
CAN1.CalculateTimeQuantum=200.0
CAN1.IPParameters=CalculateTimeQuantum,CalculateTimeBit,CalculateBaudRate,BS1,Prescaler,BS2,NART
CAN1.NART=ENABLE
CAN1.Prescaler=10
File.Version=6
GPIO.groupedBy=Group By Peripherals
IWDG.IPParameters=Prescaler
IWDG.Prescaler=IWDG_PRESCALER_256
KeepUserPlacement=false
Mcu.CPN=STM32F412RET6TR
Mcu.Family=STM32F4
Mcu.IP0=ADC1
Mcu.IP1=CAN1
Mcu.IP2=IWDG
Mcu.IP3=NVIC
Mcu.IP4=RCC
Mcu.IP5=SYS
Mcu.IP6=TIM1
Mcu.IP7=TIM2
Mcu.IPNb=8
Mcu.Name=STM32F412R(E-G)Tx
Mcu.Package=LQFP64
Mcu.Pin0=PC13
Mcu.Pin1=PC14-OSC32_IN
Mcu.Pin10=PA2
Mcu.Pin11=PA3
Mcu.Pin12=PA4
Mcu.Pin13=PA5
Mcu.Pin14=PA6
Mcu.Pin15=PA7
Mcu.Pin16=PC4
Mcu.Pin17=PC5
Mcu.Pin18=PB0
Mcu.Pin19=PB1
Mcu.Pin2=PC15-OSC32_OUT
Mcu.Pin20=PB2
Mcu.Pin21=PB10
Mcu.Pin22=PB12
Mcu.Pin23=PB13
Mcu.Pin24=PB14
Mcu.Pin25=PB15
Mcu.Pin26=PC6
Mcu.Pin27=PC7
Mcu.Pin28=PC8
Mcu.Pin29=PC9
Mcu.Pin3=PH0 - OSC_IN
Mcu.Pin30=PA8
Mcu.Pin31=PA9
Mcu.Pin32=PA10
Mcu.Pin33=PA11
Mcu.Pin34=PA12
Mcu.Pin35=PA13
Mcu.Pin36=PA14
Mcu.Pin37=PA15
Mcu.Pin38=PC10
Mcu.Pin39=PC11
Mcu.Pin4=PH1 - OSC_OUT
Mcu.Pin40=PC12
Mcu.Pin41=PD2
Mcu.Pin42=PB3
Mcu.Pin43=PB4
Mcu.Pin44=PB5
Mcu.Pin45=PB6
Mcu.Pin46=PB7
Mcu.Pin47=PB8
Mcu.Pin48=PB9
Mcu.Pin49=VP_IWDG_VS_IWDG
Mcu.Pin5=PC0
Mcu.Pin50=VP_SYS_VS_Systick
Mcu.Pin51=VP_TIM1_VS_ClockSourceINT
Mcu.Pin52=VP_TIM2_VS_ClockSourceINT
Mcu.Pin6=PC2
Mcu.Pin7=PC3
Mcu.Pin8=PA0
Mcu.Pin9=PA1
Mcu.PinsNb=53
Mcu.ThirdPartyNb=0
Mcu.UserConstants=
Mcu.UserName=STM32F412RETx
MxCube.Version=6.6.1
MxDb.Version=DB.6.0.60
NVIC.BusFault_IRQn=true\:0\:0\:false\:false\:true\:false\:false\:false
NVIC.CAN1_RX0_IRQn=true\:0\:0\:false\:false\:true\:true\:true\:true
NVIC.DebugMonitor_IRQn=true\:0\:0\:false\:false\:true\:false\:false\:false
NVIC.ForceEnableDMAVector=true
NVIC.HardFault_IRQn=true\:0\:0\:false\:false\:true\:false\:false\:false
NVIC.MemoryManagement_IRQn=true\:0\:0\:false\:false\:true\:false\:false\:false
NVIC.NonMaskableInt_IRQn=true\:0\:0\:false\:false\:true\:false\:false\:false
NVIC.PendSV_IRQn=true\:0\:0\:false\:false\:true\:false\:false\:false
NVIC.PriorityGroup=NVIC_PRIORITYGROUP_4
NVIC.SVCall_IRQn=true\:0\:0\:false\:false\:true\:false\:false\:false
NVIC.SysTick_IRQn=true\:15\:0\:false\:false\:true\:false\:true\:false
NVIC.TIM1_CC_IRQn=true\:0\:0\:true\:false\:true\:true\:true\:true
NVIC.UsageFault_IRQn=true\:0\:0\:false\:false\:true\:false\:false\:false
PA0.GPIOParameters=GPIO_Speed
PA0.GPIO_Speed=GPIO_SPEED_FREQ_HIGH
PA0.Locked=true
PA0.Signal=S_TIM2_CH1_ETR
PA1.GPIOParameters=GPIO_Speed
PA1.GPIO_Speed=GPIO_SPEED_FREQ_HIGH
PA1.Locked=true
PA1.Signal=S_TIM2_CH2
PA10.GPIOParameters=GPIO_Speed,GPIO_PuPd
PA10.GPIO_PuPd=GPIO_PULLDOWN
PA10.GPIO_Speed=GPIO_SPEED_FREQ_HIGH
PA10.Locked=true
PA10.Signal=S_TIM1_CH3
PA11.GPIOParameters=GPIO_Speed,GPIO_PuPd
PA11.GPIO_PuPd=GPIO_PULLDOWN
PA11.GPIO_Speed=GPIO_SPEED_FREQ_HIGH
PA11.Locked=true
PA11.Signal=S_TIM1_CH4
PA12.GPIOParameters=GPIO_PuPd
PA12.GPIO_PuPd=GPIO_PULLDOWN
PA12.Locked=true
PA12.Signal=GPIO_Output
PA13.Mode=Serial_Wire
PA13.Signal=SYS_JTMS-SWDIO
PA14.Mode=Serial_Wire
PA14.Signal=SYS_JTCK-SWCLK
PA15.GPIOParameters=GPIO_PuPd
PA15.GPIO_PuPd=GPIO_PULLDOWN
PA15.Locked=true
PA15.Signal=GPIO_Output
PA2.GPIOParameters=GPIO_Speed
PA2.GPIO_Speed=GPIO_SPEED_FREQ_HIGH
PA2.Locked=true
PA2.Signal=S_TIM2_CH3
PA3.GPIOParameters=GPIO_Speed
PA3.GPIO_Speed=GPIO_SPEED_FREQ_HIGH
PA3.Locked=true
PA3.Signal=S_TIM2_CH4
PA4.Locked=true
PA4.Signal=GPIO_Input
PA5.Locked=true
PA5.Signal=GPIO_Input
PA6.Locked=true
PA6.Signal=GPIO_Input
PA7.Locked=true
PA7.Signal=GPIO_Input
PA8.GPIOParameters=GPIO_Speed,GPIO_PuPd
PA8.GPIO_PuPd=GPIO_PULLDOWN
PA8.GPIO_Speed=GPIO_SPEED_FREQ_HIGH
PA8.Locked=true
PA8.Signal=S_TIM1_CH1
PA9.GPIOParameters=GPIO_Speed,GPIO_PuPd
PA9.GPIO_PuPd=GPIO_PULLDOWN
PA9.GPIO_Speed=GPIO_SPEED_FREQ_HIGH
PA9.Locked=true
PA9.Signal=S_TIM1_CH2
PB0.GPIOParameters=PinState,GPIO_PuPd,GPIO_ModeDefaultOutputPP
PB0.GPIO_ModeDefaultOutputPP=GPIO_MODE_OUTPUT_PP
PB0.GPIO_PuPd=GPIO_PULLDOWN
PB0.Locked=true
PB0.PinState=GPIO_PIN_RESET
PB0.Signal=GPIO_Output
PB1.GPIOParameters=PinState,GPIO_PuPd
PB1.GPIO_PuPd=GPIO_PULLDOWN
PB1.Locked=true
PB1.PinState=GPIO_PIN_RESET
PB1.Signal=GPIO_Output
PB10.GPIOParameters=GPIO_PuPd
PB10.GPIO_PuPd=GPIO_PULLDOWN
PB10.Locked=true
PB10.Signal=GPIO_Output
PB12.GPIOParameters=PinState,GPIO_PuPd
PB12.GPIO_PuPd=GPIO_PULLDOWN
PB12.Locked=true
PB12.PinState=GPIO_PIN_RESET
PB12.Signal=GPIO_Output
PB13.GPIOParameters=PinState,GPIO_PuPd
PB13.GPIO_PuPd=GPIO_PULLDOWN
PB13.Locked=true
PB13.PinState=GPIO_PIN_RESET
PB13.Signal=GPIO_Output
PB14.GPIOParameters=PinState,GPIO_PuPd
PB14.GPIO_PuPd=GPIO_PULLDOWN
PB14.Locked=true
PB14.PinState=GPIO_PIN_RESET
PB14.Signal=GPIO_Output
PB15.GPIOParameters=PinState,GPIO_PuPd
PB15.GPIO_PuPd=GPIO_PULLDOWN
PB15.Locked=true
PB15.PinState=GPIO_PIN_RESET
PB15.Signal=GPIO_Output
PB2.GPIOParameters=PinState,GPIO_PuPd
PB2.GPIO_PuPd=GPIO_PULLDOWN
PB2.Locked=true
PB2.PinState=GPIO_PIN_RESET
PB2.Signal=GPIO_Output
PB3.GPIOParameters=PinState,GPIO_PuPd
PB3.GPIO_PuPd=GPIO_PULLDOWN
PB3.Locked=true
PB3.PinState=GPIO_PIN_RESET
PB3.Signal=GPIO_Output
PB4.GPIOParameters=PinState,GPIO_PuPd
PB4.GPIO_PuPd=GPIO_PULLDOWN
PB4.Locked=true
PB4.PinState=GPIO_PIN_RESET
PB4.Signal=GPIO_Output
PB5.GPIOParameters=PinState,GPIO_PuPd
PB5.GPIO_PuPd=GPIO_PULLDOWN
PB5.Locked=true
PB5.PinState=GPIO_PIN_RESET
PB5.Signal=GPIO_Output
PB6.GPIOParameters=PinState,GPIO_PuPd
PB6.GPIO_PuPd=GPIO_PULLDOWN
PB6.Locked=true
PB6.PinState=GPIO_PIN_RESET
PB6.Signal=GPIO_Output
PB7.GPIOParameters=PinState,GPIO_PuPd
PB7.GPIO_PuPd=GPIO_PULLDOWN
PB7.Locked=true
PB7.PinState=GPIO_PIN_RESET
PB7.Signal=GPIO_Output
PB8.GPIOParameters=GPIO_Speed
PB8.GPIO_Speed=GPIO_SPEED_FREQ_VERY_HIGH
PB8.Locked=true
PB8.Mode=CAN_Activate
PB8.Signal=CAN1_RX
PB9.GPIOParameters=GPIO_Speed
PB9.GPIO_Speed=GPIO_SPEED_FREQ_VERY_HIGH
PB9.Locked=true
PB9.Mode=CAN_Activate
PB9.Signal=CAN1_TX
PC0.Locked=true
PC0.Signal=ADCx_IN10
PC10.Locked=true
PC10.Signal=GPIO_Input
PC11.Locked=true
PC11.Signal=GPIO_Input
PC12.Locked=true
PC12.Signal=GPIO_Input
PC13.GPIOParameters=PinState,GPIO_PuPd
PC13.GPIO_PuPd=GPIO_PULLUP
PC13.Locked=true
PC13.PinState=GPIO_PIN_SET
PC13.Signal=GPIO_Output
PC14-OSC32_IN.Locked=true
PC14-OSC32_IN.Signal=GPIO_Input
PC15-OSC32_OUT.Locked=true
PC15-OSC32_OUT.Signal=GPIO_Input
PC2.Locked=true
PC2.Signal=GPIO_Input
PC3.Locked=true
PC3.Signal=GPIO_Input
PC4.Locked=true
PC4.Signal=ADCx_IN14
PC5.Locked=true
PC5.Signal=GPIO_Input
PC6.GPIOParameters=GPIO_PuPd
PC6.GPIO_PuPd=GPIO_PULLDOWN
PC6.Locked=true
PC6.Signal=GPIO_Output
PC7.GPIOParameters=GPIO_PuPd
PC7.GPIO_PuPd=GPIO_PULLDOWN
PC7.Locked=true
PC7.Signal=GPIO_Output
PC8.GPIOParameters=GPIO_PuPd
PC8.GPIO_PuPd=GPIO_PULLDOWN
PC8.Locked=true
PC8.Signal=GPIO_Output
PC9.GPIOParameters=GPIO_PuPd
PC9.GPIO_PuPd=GPIO_PULLDOWN
PC9.Locked=true
PC9.Signal=GPIO_Output
PD2.Locked=true
PD2.Signal=GPIO_Input
PH0\ -\ OSC_IN.Mode=HSE-External-Oscillator
PH0\ -\ OSC_IN.Signal=RCC_OSC_IN
PH1\ -\ OSC_OUT.Mode=HSE-External-Oscillator
PH1\ -\ OSC_OUT.Signal=RCC_OSC_OUT
PinOutPanel.RotationAngle=0
ProjectManager.AskForMigrate=true
ProjectManager.BackupPrevious=false
ProjectManager.CompilerOptimize=6
ProjectManager.ComputerToolchain=false
ProjectManager.CoupleFile=true
ProjectManager.CustomerFirmwarePackage=
ProjectManager.DefaultFWLocation=true
ProjectManager.DeletePrevious=true
ProjectManager.DeviceId=STM32F412RETx
ProjectManager.FirmwarePackage=STM32Cube FW_F4 V1.27.1
ProjectManager.FreePins=false
ProjectManager.HalAssertFull=false
ProjectManager.HeapSize=0x200
ProjectManager.KeepUserCode=true
ProjectManager.LastFirmware=true
ProjectManager.LibraryCopy=1
ProjectManager.MainLocation=Core/Src
ProjectManager.NoMain=false
ProjectManager.PreviousToolchain=
ProjectManager.ProjectBuild=false
ProjectManager.ProjectFileName=E845V0.0.ioc
ProjectManager.ProjectName=E845V0.0
ProjectManager.RegisterCallBack=
ProjectManager.StackSize=0x400
ProjectManager.TargetToolchain=MDK-ARM V5.32
ProjectManager.ToolChainLocation=
ProjectManager.UnderRoot=false
ProjectManager.functionlistsort=1-SystemClock_Config-RCC-false-HAL-false,2-MX_GPIO_Init-GPIO-false-HAL-true,3-MX_IWDG_Init-IWDG-false-HAL-true,4-MX_CAN1_Init-CAN1-false-HAL-true,5-MX_ADC1_Init-ADC1-false-HAL-true,6-MX_TIM1_Init-TIM1-false-HAL-true,7-MX_TIM2_Init-TIM2-false-HAL-true
RCC.AHBFreq_Value=100000000
RCC.APB1CLKDivider=RCC_HCLK_DIV2
RCC.APB1Freq_Value=50000000
RCC.APB1TimFreq_Value=100000000
RCC.APB2Freq_Value=100000000
RCC.APB2TimFreq_Value=100000000
RCC.CortexFreq_Value=100000000
RCC.DFSDMAudioFreq_Value=48000000
RCC.DFSDMFreq_Value=100000000
RCC.FCLKCortexFreq_Value=100000000
RCC.FMPI2C1Freq_Value=50000000
RCC.FamilyName=M
RCC.HCLKFreq_Value=100000000
RCC.HSE_VALUE=8000000
RCC.I2S1Freq_Value=48000000
RCC.I2S2Freq_Value=48000000
RCC.IPParameters=AHBFreq_Value,APB1CLKDivider,APB1Freq_Value,APB1TimFreq_Value,APB2Freq_Value,APB2TimFreq_Value,CortexFreq_Value,DFSDMAudioFreq_Value,DFSDMFreq_Value,FCLKCortexFreq_Value,FMPI2C1Freq_Value,FamilyName,HCLKFreq_Value,HSE_VALUE,I2S1Freq_Value,I2S2Freq_Value,MCO2PinFreq_Value,PLLCLKFreq_Value,PLLI2SPCLKFreq_Value,PLLI2SQCLKFreq_Value,PLLI2SQoutputFreq_Value,PLLI2SRCLKFreq_Value,PLLI2SoutputFreq_Value,PLLM,PLLN,PLLQCLKFreq_Value,PLLQoutputFreq_Value,PLLRCLKFreq_Value,PLLRoutputFreq_Value,PLLSourceVirtual,RNGFreq_Value,SDIOFreq_Value,SYSCLKFreq_VALUE,SYSCLKSource,USBFreq_Value,VCOI2SInputFreq_Value,VCOI2SOutputFreq_Value,VCOInputFreq_Value,VCOOutputFreq_Value
RCC.MCO2PinFreq_Value=100000000
RCC.PLLCLKFreq_Value=100000000
RCC.PLLI2SPCLKFreq_Value=48000000
RCC.PLLI2SQCLKFreq_Value=48000000
RCC.PLLI2SQoutputFreq_Value=48000000
RCC.PLLI2SRCLKFreq_Value=48000000
RCC.PLLI2SoutputFreq_Value=48000000
RCC.PLLM=4
RCC.PLLN=100
RCC.PLLQCLKFreq_Value=100000000
RCC.PLLQoutputFreq_Value=100000000
RCC.PLLRCLKFreq_Value=100000000
RCC.PLLRoutputFreq_Value=100000000
RCC.PLLSourceVirtual=RCC_PLLSOURCE_HSE
RCC.RNGFreq_Value=100000000
RCC.SDIOFreq_Value=100000000
RCC.SYSCLKFreq_VALUE=100000000
RCC.SYSCLKSource=RCC_SYSCLKSOURCE_PLLCLK
RCC.USBFreq_Value=100000000
RCC.VCOI2SInputFreq_Value=500000
RCC.VCOI2SOutputFreq_Value=96000000
RCC.VCOInputFreq_Value=2000000
RCC.VCOOutputFreq_Value=200000000
SH.ADCx_IN10.0=ADC1_IN10,IN10
SH.ADCx_IN10.ConfNb=1
SH.ADCx_IN14.0=ADC1_IN14,IN14
SH.ADCx_IN14.ConfNb=1
SH.S_TIM1_CH1.0=TIM1_CH1,Output Compare1 CH1
SH.S_TIM1_CH1.ConfNb=1
SH.S_TIM1_CH2.0=TIM1_CH2,Output Compare2 CH2
SH.S_TIM1_CH2.ConfNb=1
SH.S_TIM1_CH3.0=TIM1_CH3,Output Compare3 CH3
SH.S_TIM1_CH3.ConfNb=1
SH.S_TIM1_CH4.0=TIM1_CH4,Output Compare4 CH4
SH.S_TIM1_CH4.ConfNb=1
SH.S_TIM2_CH1_ETR.0=TIM2_CH1,PWM Generation1 CH1
SH.S_TIM2_CH1_ETR.ConfNb=1
SH.S_TIM2_CH2.0=TIM2_CH2,PWM Generation2 CH2
SH.S_TIM2_CH2.ConfNb=1
SH.S_TIM2_CH3.0=TIM2_CH3,PWM Generation3 CH3
SH.S_TIM2_CH3.ConfNb=1
SH.S_TIM2_CH4.0=TIM2_CH4,PWM Generation4 CH4
SH.S_TIM2_CH4.ConfNb=1
TIM1.AutoReloadPreload=TIM_AUTORELOAD_PRELOAD_ENABLE
TIM1.Channel-Output\ Compare1\ CH1=TIM_CHANNEL_1
TIM1.Channel-Output\ Compare2\ CH2=TIM_CHANNEL_2
TIM1.Channel-Output\ Compare3\ CH3=TIM_CHANNEL_3
TIM1.Channel-Output\ Compare4\ CH4=TIM_CHANNEL_4
TIM1.IPParameters=AutoReloadPreload,Prescaler,Period,Channel-Output Compare1 CH1,Channel-Output Compare2 CH2,Channel-Output Compare3 CH3,Channel-Output Compare4 CH4,OCMode_1,OCMode_2,OCMode_3,OCMode_4,OC1Preload,OC2Preload,Pulse-Output Compare1 CH1,Pulse-Output Compare2 CH2,Pulse-Output Compare3 CH3,Pulse-Output Compare4 CH4
TIM1.IPParametersWithoutCheck=Prescaler
TIM1.OC1Preload=DISABLE
TIM1.OC2Preload=DISABLE
TIM1.OCMode_1=TIM_OCMODE_TOGGLE
TIM1.OCMode_2=TIM_OCMODE_TOGGLE
TIM1.OCMode_3=TIM_OCMODE_TOGGLE
TIM1.OCMode_4=TIM_OCMODE_TOGGLE
TIM1.Period=65536-1
TIM1.Prescaler=500-1
TIM1.Pulse-Output\ Compare1\ CH1=0
TIM1.Pulse-Output\ Compare2\ CH2=0
TIM1.Pulse-Output\ Compare3\ CH3=0
TIM1.Pulse-Output\ Compare4\ CH4=0
TIM2.AutoReloadPreload=TIM_AUTORELOAD_PRELOAD_ENABLE
TIM2.Channel-PWM\ Generation1\ CH1=TIM_CHANNEL_1
TIM2.Channel-PWM\ Generation2\ CH2=TIM_CHANNEL_2
TIM2.Channel-PWM\ Generation3\ CH3=TIM_CHANNEL_3
TIM2.Channel-PWM\ Generation4\ CH4=TIM_CHANNEL_4
TIM2.IPParameters=AutoReloadPreload,Channel-PWM Generation1 CH1,Channel-PWM Generation2 CH2,Channel-PWM Generation3 CH3,Channel-PWM Generation4 CH4,Prescaler,Period,Pulse-PWM Generation1 CH1,Pulse-PWM Generation2 CH2,Pulse-PWM Generation3 CH3,Pulse-PWM Generation4 CH4
TIM2.Period=500
TIM2.Prescaler=1-1
TIM2.Pulse-PWM\ Generation1\ CH1=0
TIM2.Pulse-PWM\ Generation2\ CH2=0
TIM2.Pulse-PWM\ Generation3\ CH3=0
TIM2.Pulse-PWM\ Generation4\ CH4=0
VP_IWDG_VS_IWDG.Mode=IWDG_Activate
VP_IWDG_VS_IWDG.Signal=IWDG_VS_IWDG
VP_SYS_VS_Systick.Mode=SysTick
VP_SYS_VS_Systick.Signal=SYS_VS_Systick
VP_TIM1_VS_ClockSourceINT.Mode=Internal
VP_TIM1_VS_ClockSourceINT.Signal=TIM1_VS_ClockSourceINT
VP_TIM2_VS_ClockSourceINT.Mode=Internal
VP_TIM2_VS_ClockSourceINT.Signal=TIM2_VS_ClockSourceINT
board=custom
